// !$*UTF8*$!
{
	archiveVersion = 1;
	classes = {
	};
	objectVersion = 46;
	objects = {

/* Begin PBXBuildFile section */
		5DAC87CF1D77C372009E4B3F /* main.m in Sources */ = {isa = PBXBuildFile; fileRef = 5DAC87CE1D77C372009E4B3F /* main.m */; };
		5DAC87D21D77C372009E4B3F /* AppDelegate.m in Sources */ = {isa = PBXBuildFile; fileRef = 5DAC87D11D77C372009E4B3F /* AppDelegate.m */; };
		5DAC87D51D77C372009E4B3F /* ViewController.m in Sources */ = {isa = PBXBuildFile; fileRef = 5DAC87D41D77C372009E4B3F /* ViewController.m */; };
		5DAC87D81D77C372009E4B3F /* Main.storyboard in Resources */ = {isa = PBXBuildFile; fileRef = 5DAC87D61D77C372009E4B3F /* Main.storyboard */; };
		5DAC87DA1D77C373009E4B3F /* Assets.xcassets in Resources */ = {isa = PBXBuildFile; fileRef = 5DAC87D91D77C373009E4B3F /* Assets.xcassets */; };
		5DAC87DD1D77C373009E4B3F /* LaunchScreen.storyboard in Resources */ = {isa = PBXBuildFile; fileRef = 5DAC87DB1D77C373009E4B3F /* LaunchScreen.storyboard */; };
/* End PBXBuildFile section */

/* Begin PBXFileReference section */
		5DAC87CA1D77C372009E4B3F /* ScrollView.app */ = {isa = PBXFileReference; explicitFileType = wrapper.application; includeInIndex = 0; path = ScrollView.app; sourceTree = BUILT_PRODUCTS_DIR; };
		5DAC87CE1D77C372009E4B3F /* main.m */ = {isa = PBXFileReference; lastKnownFileType = sourcecode.c.objc; path = main.m; sourceTree = "<group>"; };
		5DAC87D01D77C372009E4B3F /* AppDelegate.h */ = {isa = PBXFileReference; lastKnownFileType = sourcecode.c.h; path = AppDelegate.h; sourceTree = "<group>"; };
		5DAC87D11D77C372009E4B3F /* AppDelegate.m */ = {isa = PBXFileReference; lastKnownFileType = sourcecode.c.objc; path = AppDelegate.m; sourceTree = "<group>"; };
		5DAC87D31D77C372009E4B3F /* ViewController.h */ = {isa = PBXFileReference; lastKnownFileType = sourcecode.c.h; path = ViewController.h; sourceTree = "<group>"; };
		5DAC87D41D77C372009E4B3F /* ViewController.m */ = {isa = PBXFileReference; lastKnownFileType = sourcecode.c.objc; path = ViewController.m; sourceTree = "<group>"; };
		5DAC87D71D77C372009E4B3F /* Base */ = {isa = PBXFileReference; lastKnownFileType = file.storyboard; name = Base; path = Base.lproj/Main.storyboard; sourceTree = "<group>"; };
		5DAC87D91D77C373009E4B3F /* Assets.xcassets */ = {isa = PBXFileReference; lastKnownFileType = folder.assetcatalog; path = Assets.xcassets; sourceTree = "<group>"; };
		5DAC87DC1D77C373009E4B3F /* Base */ = {isa = PBXFileReference; lastKnownFileType = file.storyboard; name = Base; path = Base.lproj/LaunchScreen.storyboard; sourceTree = "<group>"; };
		5DAC87DE1D77C373009E4B3F /* Info.plist */ = {isa = PBXFileReference; lastKnownFileType = text.plist.xml; path = Info.plist; sourceTree = "<group>"; };
/* End PBXFileReference section */

/* Begin PBXFrameworksBuildPhase section */
		5DAC87C71D77C372009E4B3F /* Frameworks */ = {
			isa = PBXFrameworksBuildPhase;
			buildActionMask = 2147483647;
			files = (
			);
			runOnlyForDeploymentPostprocessing = 0;
		};
/* End PBXFrameworksBuildPhase section */

/* Begin PBXGroup section */
		5DAC87C11D77C372009E4B3F = {
			isa = PBXGroup;
			children = (
				5DAC87CC1D77C372009E4B3F /* ScrollView */,
				5DAC87CB1D77C372009E4B3F /* Products */,
			);
			sourceTree = "<group>";
		};
		5DAC87CB1D77C372009E4B3F /* Products */ = {
			isa = PBXGroup;
			children = (
				5DAC87CA1D77C372009E4B3F /* ScrollView.app */,
			);
			name = Products;
			sourceTree = "<group>";
		};
		5DAC87CC1D77C372009E4B3F /* ScrollView */ = {
			isa = PBXGroup;
			children = (
				5DAC87D01D77C372009E4B3F /* AppDelegate.h */,
				5DAC87D11D77C372009E4B3F /* AppDelegate.m */,
				5DAC87D31D77C372009E4B3F /* ViewController.h */,
				5DAC87D41D77C372009E4B3F /* ViewController.m */,
				5DAC87D61D77C372009E4B3F /* Main.storyboard */,
				5DAC87D91D77C373009E4B3F /* Assets.xcassets */,
				5DAC87DB1D77C373009E4B3F /* LaunchScreen.storyboard */,
				5DAC87DE1D77C373009E4B3F /* Info.plist */,
				5DAC87CD1D77C372009E4B3F /* Supporting Files */,
			);
			path = ScrollView;
			sourceTree = "<group>";
		};
		5DAC87CD1D77C372009E4B3F /* Supporting Files */ = {
			isa = PBXGroup;
			children = (
				5DAC87CE1D77C372009E4B3F /* main.m */,
			);
			name = "Supporting Files";
			sourceTree = "<group>";
		};
/* End PBXGroup section */

/* Begin PBXNativeTarget section */
		5DAC87C91D77C372009E4B3F /* ScrollView */ = {
			isa = PBXNativeTarget;
			buildConfigurationList = 5DAC87E11D77C373009E4B3F /* Build configuration list for PBXNativeTarget "ScrollView" */;
			buildPhases = (
				5DAC87C61D77C372009E4B3F /* Sources */,
				5DAC87C71D77C372009E4B3F /* Frameworks */,
				5DAC87C81D77C372009E4B3F /* Resources */,
			);
			buildRules = (
			);
			dependencies = (
			);
			name = ScrollView;
			productName = ScrollView;
			productReference = 5DAC87CA1D77C372009E4B3F /* ScrollView.app */;
			productType = "com.apple.product-type.application";
		};
/* End PBXNativeTarget section */

/* Begin PBXProject section */
		5DAC87C21D77C372009E4B3F /* Project object */ = {
			isa = PBXProject;
			attributes = {
				LastUpgradeCheck = 0730;
				ORGANIZATIONNAME = "Peter Hsu";
				TargetAttributes = {
					5DAC87C91D77C372009E4B3F = {
						CreatedOnToolsVersion = 7.3;
					};
				};
			};
			buildConfigurationList = 5DAC87C51D77C372009E4B3F /* Build configuration list for PBXProject "ScrollView" */;
			compatibilityVersion = "Xcode 3.2";
			developmentRegion = English;
			hasScannedForEncodings = 0;
			knownRegions = (
				en,
				Base,
			);
			mainGroup = 5DAC87C11D77C372009E4B3F;
			productRefGroup = 5DAC87CB1D77C372009E4B3F /* Products */;
			projectDirPath = "";
			projectRoot = "";
			targets = (
				5DAC87C91D77C372009E4B3F /* ScrollView */,
			);
		};
/* End PBXProject section */

/* Begin PBXResourcesBuildPhase section */
		5DAC87C81D77C372009E4B3F /* Resources */ = {
			isa = PBXResourcesBuildPhase;
			buildActionMask = 2147483647;
			files = (
				5DAC87DD1D77C373009E4B3F /* LaunchScreen.storyboard in Resources */,
				5DAC87DA1D77C373009E4B3F /* Assets.xcassets in Resources */,
				5DAC87D81D77C372009E4B3F /* Main.storyboard in Resources */,
			);
			runOnlyForDeploymentPostprocessing = 0;
		};
/* End PBXResourcesBuildPhase section */

/* Begin PBXSourcesBuildPhase section */
		5DAC87C61D77C372009E4B3F /* Sources */ = {
			isa = PBXSourcesBuildPhase;
			buildActionMask = 2147483647;
			files = (
				5DAC87D51D77C372009E4B3F /* ViewController.m in Sources */,
				5DAC87D21D77C372009E4B3F /* AppDelegate.m in Sources */,
				5DAC87CF1D77C372009E4B3F /* main.m in Sources */,
			);
			runOnlyForDeploymentPostprocessing = 0;
		};
/* End PBXSourcesBuildPhase section */

/* Begin PBXVariantGroup section */
		5DAC87D61D77C372009E4B3F /* Main.storyboard */ = {
			isa = PBXVariantGroup;
			children = (
				5DAC87D71D77C372009E4B3F /* Base */,
			);
			name = Main.storyboard;
			sourceTree = "<group>";
		};
		5DAC87DB1D77C373009E4B3F /* LaunchScreen.storyboard */ = {
			isa = PBXVariantGroup;
			children = (
				5DAC87DC1D77C373009E4B3F /* Base */,
			);
			name = LaunchScreen.storyboard;
			sourceTree = "<group>";
		};
/* End PBXVariantGroup section */

/* Begin XCBuildConfiguration section */
		5DAC87DF1D77C373009E4B3F /* Debug */ = {
			isa = XCBuildConfiguration;
			buildSettings = {
				ALWAYS_SEARCH_USER_PATHS = NO;
				CLANG_ANALYZER_NONNULL = YES;
				CLANG_CXX_LANGUAGE_STANDARD = "gnu++0x";
				CLANG_CXX_LIBRARY = "libc++";
				CLANG_ENABLE_MODULES = YES;
				CLANG_ENABLE_OBJC_ARC = YES;
				CLANG_WARN_BOOL_CONVERSION = YES;
				CLANG_WARN_CONSTANT_CONVERSION = YES;
				CLANG_WARN_DIRECT_OBJC_ISA_USAGE = YES_ERROR;
				CLANG_WARN_EMPTY_BODY = YES;
				CLANG_WARN_ENUM_CONVERSION = YES;
				CLANG_WARN_INT_CONVERSION = YES;
				CLANG_WARN_OBJC_ROOT_CLASS = YES_ERROR;
				CLANG_WARN_UNREACHABLE_CODE = YES;
				CLANG_WARN__DUPLICATE_METHOD_MATCH = YES;
				"CODE_SIGN_IDENTITY[sdk=iphoneos*]" = "iPhone Developer";
				COPY_PHASE_STRIP = NO;
				DEBUG_INFORMATION_FORMAT = dwarf;
				ENABLE_STRICT_OBJC_MSGSEND = YES;
				ENABLE_TESTABILITY = YES;
				GCC_C_LANGUAGE_STANDARD = gnu99;
				GCC_DYNAMIC_NO_PIC = NO;
				GCC_NO_COMMON_BLOCKS = YES;
				GCC_OPTIMIZATION_LEVEL = 0;
				GCC_PREPROCESSOR_DEFINITIONS = (
					"DEBUG=1",
					"$(inherited)",
				);
				GCC_WARN_64_TO_32_BIT_CONVERSION = YES;
				GCC_WARN_ABOUT_RETURN_TYPE = YES_ERROR;
				GCC_WARN_UNDECLARED_SELECTOR = YES;
				GCC_WARN_UNINITIALIZED_AUTOS = YES_AGGRESSIVE;
				GCC_WARN_UNUSED_FUNCTION = YES;
				GCC_WARN_UNUSED_VARIABLE = YES;
				IPHONEOS_DEPLOYMENT_TARGET = 9.3;
				MTL_ENABLE_DEBUG_INFO = YES;
				ONLY_ACTIVE_ARCH = YES;
				SDKROOT = iphoneos;
				TARGETED_DEVICE_FAMILY = "1,2";
			};
			name = Debug;
		};
		5DAC87E01D77C373009E4B3F /* Release */ = {
			isa = XCBuildConfiguration;
			buildSettings = {
				ALWAYS_SEARCH_USER_PATHS = NO;
				CLANG_ANALYZER_NONNULL = YES;
				CLANG_CXX_LANGUAGE_STANDARD = "gnu++0x";
				CLANG_CXX_LIBRARY = "libc++";
				CLANG_ENABLE_MODULES = YES;
				CLANG_ENABLE_OBJC_ARC = YES;
				CLANG_WARN_BOOL_CONVERSION = YES;
				CLANG_WARN_CONSTANT_CONVERSION = YES;
				CLANG_WARN_DIRECT_OBJC_ISA_USAGE = YES_ERROR;
				CLANG_WARN_EMPTY_BODY = YES;
				CLANG_WARN_ENUM_CONVERSION = YES;
				CLANG_WARN_INT_CONVERSION = YES;
				CLANG_WARN_OBJC_ROOT_CLASS = YES_ERROR;
				CLANG_WARN_UNREACHABLE_CODE = YES;
				CLANG_WARN__DUPLICATE_METHOD_MATCH = YES;
				"CODE_SIGN_IDENTITY[sdk=iphoneos*]" = "iPhone Developer";
				COPY_PHASE_STRIP = NO;
				DEBUG_INFORMATION_FORMAT = "dwarf-with-dsym";
				ENABLE_NS_ASSERTIONS = NO;
				ENABLE_STRICT_OBJC_MSGSEND = YES;
				GCC_C_LANGUAGE_STANDARD = gnu99;
				GCC_NO_COMMON_BLOCKS = YES;
				GCC_WARN_64_TO_32_BIT_CONVERSION = YES;
				GCC_WARN_ABOUT_RETURN_TYPE = YES_ERROR;
				GCC_WARN_UNDECLARED_SELECTOR = YES;
				GCC_WARN_UNINITIALIZED_AUTOS = YES_AGGRESSIVE;
				GCC_WARN_UNUSED_FUNCTION = YES;
				GCC_WARN_UNUSED_VARIABLE = YES;
				IPHONEOS_DEPLOYMENT_TARGET = 9.3;
				MTL_ENABLE_DEBUG_INFO = NO;
				SDKROOT = iphoneos;
				TARGETED_DEVICE_FAMILY = "1,2";
				VALIDATE_PRODUCT = YES;
			};
			name = Release;
		};
		5DAC87E21D77C373009E4B3F /* Debug */ = {
			isa = XCBuildConfiguration;
			buildSettings = {
				ASSETCATALOG_COMPILER_APPICON_NAME = AppIcon;
				INFOPLIST_FILE = ScrollView/Info.plist;
				LD_RUNPATH_SEARCH_PATHS = "$(inherited) @executable_path/Frameworks";
				PRODUCT_BUNDLE_IDENTIFIER = com.peter.ScrollView;
				PRODUCT_NAME = "$(TARGET_NAME)";
			};
			name = Debug;
		};
		5DAC87E31D77C373009E4B3F /* Release */ = {
			isa = XCBuildConfiguration;
			buildSettings = {
				ASSETCATALOG_COMPILER_APPICON_NAME = AppIcon;
				INFOPLIST_FILE = ScrollView/Info.plist;
				LD_RUNPATH_SEARCH_PATHS = "$(inherited) @executable_path/Frameworks";
				PRODUCT_BUNDLE_IDENTIFIER = com.peter.ScrollView;
				PRODUCT_NAME = "$(TARGET_NAME)";
			};
			name = Release;
		};
/* End XCBuildConfiguration section */

/* Begin XCConfigurationList section */
		5DAC87C51D77C372009E4B3F /* Build configuration list for PBXProject "ScrollView" */ = {
			isa = XCConfigurationList;
			buildConfigurations = (
				5DAC87DF1D77C373009E4B3F /* Debug */,
				5DAC87E01D77C373009E4B3F /* Release */,
			);
			defaultConfigurationIsVisible = 0;
			defaultConfigurationName = Release;
		};
		5DAC87E11D77C373009E4B3F /* Build configuration list for PBXNativeTarget "ScrollView" */ = {
			isa = XCConfigurationList;
			buildConfigurations = (
				5DAC87E21D77C373009E4B3F /* Debug */,
				5DAC87E31D77C373009E4B3F /* Release */,
			);
			defaultConfigurationIsVisible = 0;
		};
/* End XCConfigurationList section */
	};
	rootObject = 5DAC87C21D77C372009E4B3F /* Project object */;
}
